
Microsoft Visual Studio Solution File, Format Version 12.00
# Visual Studio Version 17
VisualStudioVersion = 17.0.31903.59
MinimumVisualStudioVersion = 10.0.40219.1
Project("{FAE04EC0-301F-11D3-BF4B-00C04F79EFBC}") = "PacktLibrary", "PacktLibrary\PacktLibrary.csproj", "{496FB4D0-900A-438A-9058-D720F1BABE48}"
EndProject
Project("{FAE04EC0-301F-11D3-BF4B-00C04F79EFBC}") = "PeopleApp", "PeopleApp\PeopleApp.csproj", "{89A70C51-265C-4CCB-B3B0-CD40DD12FE21}"
EndProject
Global
	GlobalSection(SolutionConfigurationPlatforms) = preSolution
		Debug|Any CPU = Debug|Any CPU
		Release|Any CPU = Release|Any CPU
	EndGlobalSection
	GlobalSection(SolutionProperties) = preSolution
		HideSolutionNode = FALSE
	EndGlobalSection
	GlobalSection(ProjectConfigurationPlatforms) = postSolution
		{496FB4D0-900A-438A-9058-D720F1BABE48}.Debug|Any CPU.ActiveCfg = Debug|Any CPU
		{496FB4D0-900A-438A-9058-D720F1BABE48}.Debug|Any CPU.Build.0 = Debug|Any CPU
		{496FB4D0-900A-438A-9058-D720F1BABE48}.Release|Any CPU.ActiveCfg = Release|Any CPU
		{496FB4D0-900A-438A-9058-D720F1BABE48}.Release|Any CPU.Build.0 = Release|Any CPU
		{89A70C51-265C-4CCB-B3B0-CD40DD12FE21}.Debug|Any CPU.ActiveCfg = Debug|Any CPU
		{89A70C51-265C-4CCB-B3B0-CD40DD12FE21}.Debug|Any CPU.Build.0 = Debug|Any CPU
		{89A70C51-265C-4CCB-B3B0-CD40DD12FE21}.Release|Any CPU.ActiveCfg = Release|Any CPU
		{89A70C51-265C-4CCB-B3B0-CD40DD12FE21}.Release|Any CPU.Build.0 = Release|Any CPU
	EndGlobalSection
EndGlobal
