
Microsoft Visual Studio Solution File, Format Version 12.00
# Visual Studio Version 17
VisualStudioVersion = 17.0.31903.59
MinimumVisualStudioVersion = 10.0.40219.1
Project("{FAE04EC0-301F-11D3-BF4B-00C04F79EFBC}") = "LinqWithObjects", "LinqWithObjects\LinqWithObjects.csproj", "{CADBAC37-57C6-4A46-BDBE-B1E0E107387C}"
EndProject
Global
	GlobalSection(SolutionConfigurationPlatforms) = preSolution
		Debug|Any CPU = Debug|Any CPU
		Release|Any CPU = Release|Any CPU
	EndGlobalSection
	GlobalSection(SolutionProperties) = preSolution
		HideSolutionNode = FALSE
	EndGlobalSection
	GlobalSection(ProjectConfigurationPlatforms) = postSolution
		{CADBAC37-57C6-4A46-BDBE-B1E0E107387C}.Debug|Any CPU.ActiveCfg = Debug|Any CPU
		{CADBAC37-57C6-4A46-BDBE-B1E0E107387C}.Debug|Any CPU.Build.0 = Debug|Any CPU
		{CADBAC37-57C6-4A46-BDBE-B1E0E107387C}.Release|Any CPU.ActiveCfg = Release|Any CPU
		{CADBAC37-57C6-4A46-BDBE-B1E0E107387C}.Release|Any CPU.Build.0 = Release|Any CPU
	EndGlobalSection
EndGlobal
